{
  "name": "@audio/spatial",
  "version": "1.0.0",
  "lockfileVersion": 3,
  "requires": true,
  "packages": {
    "": {
      "name": "@audio/spatial",
      "version": "1.0.0",
      "license": "MIT",
      "workspaces": [
        "packages/*"
      ],
      "dependencies": {
        "@audio/spatial-autopan": "^1.0.0",
        "@audio/spatial-binaural": "^0.1.0",
        "@audio/spatial-channelsplit": "^1.0.0",
        "@audio/spatial-crossfeed": "^1.0.0",
        "@audio/spatial-delay": "^1.0.0",
        "@audio/spatial-haas": "^1.0.0",
        "@audio/spatial-microshift": "^1.0.0",
        "@audio/spatial-midside": "^1.0.0",
        "@audio/spatial-panner": "^1.0.0",
        "@audio/spatial-surround": "^1.0.0",
        "@audio/spatial-widener": "^1.0.0"
      },
      "devDependencies": {
        "digital-filter": "^2.3.0",
        "tst": "^9.4.0"
      },
      "engines": {
        "node": ">=18"
      }
    },
    "node_modules/@audio/biquad": {
      "version": "1.1.0",
      "resolved": "https://registry.npmjs.org/@audio/biquad/-/biquad-1.1.0.tgz",
      "integrity": "sha512-IJtafeZ5NmZM+GFIc2+dYz5YrYHOtcF07kPfB/bur7Ca3uonaRX6eb5jWPI9yF0f8UB6IAZ42c3YVkENgRR9ng==",
      "license": "MIT",
      "engines": {
        "node": ">=18"
      }
    },
    "node_modules/@audio/spatial-autopan": {
      "resolved": "packages/spatial-autopan",
      "link": true
    },
    "node_modules/@audio/spatial-binaural": {
      "resolved": "packages/spatial-binaural",
      "link": true
    },
    "node_modules/@audio/spatial-channelsplit": {
      "resolved": "packages/spatial-channelsplit",
      "link": true
    },
    "node_modules/@audio/spatial-crossfeed": {
      "resolved": "packages/spatial-crossfeed",
      "link": true
    },
    "node_modules/@audio/spatial-delay": {
      "resolved": "packages/spatial-delay",
      "link": true
    },
    "node_modules/@audio/spatial-haas": {
      "resolved": "packages/spatial-haas",
      "link": true
    },
    "node_modules/@audio/spatial-microshift": {
      "resolved": "packages/spatial-microshift",
      "link": true
    },
    "node_modules/@audio/spatial-midside": {
      "resolved": "packages/spatial-midside",
      "link": true
    },
    "node_modules/@audio/spatial-panner": {
      "resolved": "packages/spatial-panner",
      "link": true
    },
    "node_modules/@audio/spatial-surround": {
      "resolved": "packages/spatial-surround",
      "link": true
    },
    "node_modules/@audio/spatial-widener": {
      "resolved": "packages/spatial-widener",
      "link": true
    },
    "node_modules/digital-filter": {
      "version": "2.3.1",
      "resolved": "https://registry.npmjs.org/digital-filter/-/digital-filter-2.3.1.tgz",
      "integrity": "sha512-KzcWuhDLTt2lKFF4KZCrHSPOqHBTH+CxZwWDO0coqNTKiYyxgIwoTAuIQj1F8nFgwnCKomgwOXU62YCfsYVshg==",
      "dev": true,
      "license": "MIT",
      "engines": {
        "node": ">=18"
      }
    },
    "node_modules/tst": {
      "version": "9.4.0",
      "resolved": "https://registry.npmjs.org/tst/-/tst-9.4.0.tgz",
      "integrity": "sha512-LFC1yasMqhvL9hBJdA07nozlfS1RGy/7uiBCwRZcQH9zB4+n7XpxwYszzK//WQ2JVOLAUgU3d8ABEcrFLZE0vg==",
      "dev": true,
      "license": "MIT"
    },
    "packages/spatial-autopan": {
      "name": "@audio/spatial-autopan",
      "version": "1.1.2",
      "license": "MIT",
      "engines": {
        "node": ">=18"
      }
    },
    "packages/spatial-binaural": {
      "name": "@audio/spatial-binaural",
      "version": "0.1.0",
      "license": "MIT",
      "engines": {
        "node": ">=18"
      }
    },
    "packages/spatial-channelsplit": {
      "name": "@audio/spatial-channelsplit",
      "version": "1.0.0",
      "license": "MIT",
      "engines": {
        "node": ">=18"
      }
    },
    "packages/spatial-crossfeed": {
      "name": "@audio/spatial-crossfeed",
      "version": "1.1.0",
      "license": "MIT",
      "dependencies": {
        "@audio/biquad": "^1.1.0"
      },
      "engines": {
        "node": ">=18"
      }
    },
    "packages/spatial-delay": {
      "name": "@audio/spatial-delay",
      "version": "1.0.0",
      "license": "MIT",
      "engines": {
        "node": ">=18"
      }
    },
    "packages/spatial-haas": {
      "name": "@audio/spatial-haas",
      "version": "1.1.2",
      "license": "MIT",
      "engines": {
        "node": ">=18"
      }
    },
    "packages/spatial-microshift": {
      "name": "@audio/spatial-microshift",
      "version": "1.1.2",
      "license": "MIT",
      "engines": {
        "node": ">=18"
      }
    },
    "packages/spatial-midside": {
      "name": "@audio/spatial-midside",
      "version": "1.1.2",
      "license": "MIT",
      "engines": {
        "node": ">=18"
      }
    },
    "packages/spatial-panner": {
      "name": "@audio/spatial-panner",
      "version": "1.1.2",
      "license": "MIT",
      "engines": {
        "node": ">=18"
      }
    },
    "packages/spatial-surround": {
      "name": "@audio/spatial-surround",
      "version": "1.1.2",
      "license": "MIT",
      "engines": {
        "node": ">=18"
      }
    },
    "packages/spatial-widener": {
      "name": "@audio/spatial-widener",
      "version": "1.1.2",
      "license": "MIT",
      "engines": {
        "node": ">=18"
      }
    }
  }
}
